<?xml version="1.0" encoding="utf-8"?>
<Project ToolsVersion="4.0" xmlns="http://schemas.microsoft.com/developer/msbuild/2003">
  <ItemGroup>
    <Filter Include="Core">
      <UniqueIdentifier>{78b3cb08-75de-43a1-9739-6b3a3f6caca1}</UniqueIdentifier>
    </Filter>
    <Filter Include="Util">
      <UniqueIdentifier>{a3751aec-77c9-4979-a8c2-bf610c66bb1b}</UniqueIdentifier>
    </Filter>
    <Filter Include="Core\ECS">
      <UniqueIdentifier>{19bfa99c-87c7-4b06-a1ec-2943f7079d11}</UniqueIdentifier>
    </Filter>
    <Filter Include="Core\ECS\Components">
      <UniqueIdentifier>{8f44a4d1-e27c-424b-b63a-a0f4f1bb1e3c}</UniqueIdentifier>
    </Filter>
  </ItemGroup>
  <ItemGroup>
    <ClCompile Include="$(MSBuildThisFileDirectory)Logger.cpp">
      <Filter>Util</Filter>
    </ClCompile>
    <ClCompile Include="$(MSBuildThisFileDirectory)Object.cpp">
      <Filter>Core\ECS</Filter>
    </ClCompile>
    <ClCompile Include="$(MSBuildThisFileDirectory)ObjectManager.cpp">
      <Filter>Core\ECS</Filter>
    </ClCompile>
    <ClCompile Include="$(MSBuildThisFileDirectory)GameObject.cpp">
      <Filter>Core\ECS</Filter>
    </ClCompile>
    <ClCompile Include="$(MSBuildThisFileDirectory)Component.cpp">
      <Filter>Core\ECS\Components</Filter>
    </ClCompile>
    <ClCompile Include="$(MSBuildThisFileDirectory)Transform.cpp">
      <Filter>Core\ECS\Components</Filter>
    </ClCompile>
  </ItemGroup>
  <ItemGroup>
    <ClInclude Include="$(MSBuildThisFileDirectory)Logger.h">
      <Filter>Util</Filter>
    </ClInclude>
    <ClInclude Include="$(MSBuildThisFileDirectory)Singleton.h">
      <Filter>Util</Filter>
    </ClInclude>
    <ClInclude Include="$(MSBuildThisFileDirectory)Object.h">
      <Filter>Core\ECS</Filter>
    </ClInclude>
    <ClInclude Include="$(MSBuildThisFileDirectory)ObjectManager.h">
      <Filter>Core\ECS</Filter>
    </ClInclude>
    <ClInclude Include="$(MSBuildThisFileDirectory)CentsEngine.h" />
    <ClInclude Include="$(MSBuildThisFileDirectory)GameObject.h">
      <Filter>Core\ECS</Filter>
    </ClInclude>
    <ClInclude Include="$(MSBuildThisFileDirectory)Component.h">
      <Filter>Core\ECS\Components</Filter>
    </ClInclude>
    <ClInclude Include="$(MSBuildThisFileDirectory)Transform.h">
      <Filter>Core\ECS\Components</Filter>
    </ClInclude>
    <ClInclude Include="$(MSBuildThisFileDirectory)stdHelper.h">
      <Filter>Util</Filter>
    </ClInclude>
  </ItemGroup>
</Project>