<?xml version="1.0" encoding="utf-8"?>
<Project ToolsVersion="4.0" xmlns="http://schemas.microsoft.com/developer/msbuild/2003">
  <ItemGroup>
    <Filter Include="Core">
      <UniqueIdentifier>{78b3cb08-75de-43a1-9739-6b3a3f6caca1}</UniqueIdentifier>
    </Filter>
    <Filter Include="Util">
      <UniqueIdentifier>{a3751aec-77c9-4979-a8c2-bf610c66bb1b}</UniqueIdentifier>
    </Filter>
    <Filter Include="Core\ECS">
      <UniqueIdentifier>{19bfa99c-87c7-4b06-a1ec-2943f7079d11}</UniqueIdentifier>
    </Filter>
    <Filter Include="Core\ECS\Components">
      <UniqueIdentifier>{8f44a4d1-e27c-424b-b63a-a0f4f1bb1e3c}</UniqueIdentifier>
    </Filter>
    <Filter Include="Core\ECS\Components\Render">
      <UniqueIdentifier>{6592a8d3-cc3a-455a-9c00-c3eade755b20}</UniqueIdentifier>
    </Filter>
    <Filter Include="Core\Render">
      <UniqueIdentifier>{56697e5f-809d-45ae-9357-3de31cf88253}</UniqueIdentifier>
    </Filter>
    <Filter Include="Core\Render\Mesh">
      <UniqueIdentifier>{5160caa1-0dd9-4011-9454-0eb281a2d18d}</UniqueIdentifier>
    </Filter>
  </ItemGroup>
  <ItemGroup>
    <ClCompile Include="$(MSBuildThisFileDirectory)Logger.cpp">
      <Filter>Util</Filter>
    </ClCompile>
    <ClCompile Include="$(MSBuildThisFileDirectory)Object.cpp">
      <Filter>Core\ECS</Filter>
    </ClCompile>
    <ClCompile Include="$(MSBuildThisFileDirectory)ObjectManager.cpp">
      <Filter>Core\ECS</Filter>
    </ClCompile>
    <ClCompile Include="$(MSBuildThisFileDirectory)GameObject.cpp">
      <Filter>Core\ECS</Filter>
    </ClCompile>
    <ClCompile Include="$(MSBuildThisFileDirectory)Component.cpp">
      <Filter>Core\ECS\Components</Filter>
    </ClCompile>
    <ClCompile Include="$(MSBuildThisFileDirectory)Transform.cpp">
      <Filter>Core\ECS\Components</Filter>
    </ClCompile>
    <ClCompile Include="$(MSBuildThisFileDirectory)Renderer.cpp">
      <Filter>Core\ECS\Components\Render</Filter>
    </ClCompile>
    <ClCompile Include="$(MSBuildThisFileDirectory)SimpleShader.cpp">
      <Filter>Core\Render</Filter>
    </ClCompile>
    <ClCompile Include="$(MSBuildThisFileDirectory)Camera.cpp" />
    <ClCompile Include="$(MSBuildThisFileDirectory)MeshRenderer.cpp">
      <Filter>Core\ECS\Components\Render</Filter>
    </ClCompile>
    <ClCompile Include="$(MSBuildThisFileDirectory)MeshFilter.cpp">
      <Filter>Core\ECS\Components\Render</Filter>
    </ClCompile>
    <ClCompile Include="$(MSBuildThisFileDirectory)RenderManager.cpp">
      <Filter>Core\ECS\Components\Render</Filter>
    </ClCompile>
    <ClCompile Include="$(MSBuildThisFileDirectory)DXCore.cpp" />
    <ClCompile Include="$(MSBuildThisFileDirectory)Material.cpp">
      <Filter>Core\Render\Mesh</Filter>
    </ClCompile>
    <ClCompile Include="$(MSBuildThisFileDirectory)Mesh.cpp">
      <Filter>Core\Render\Mesh</Filter>
    </ClCompile>
  </ItemGroup>
  <ItemGroup>
    <ClInclude Include="$(MSBuildThisFileDirectory)Logger.h">
      <Filter>Util</Filter>
    </ClInclude>
    <ClInclude Include="$(MSBuildThisFileDirectory)Singleton.h">
      <Filter>Util</Filter>
    </ClInclude>
    <ClInclude Include="$(MSBuildThisFileDirectory)Object.h">
      <Filter>Core\ECS</Filter>
    </ClInclude>
    <ClInclude Include="$(MSBuildThisFileDirectory)ObjectManager.h">
      <Filter>Core\ECS</Filter>
    </ClInclude>
    <ClInclude Include="$(MSBuildThisFileDirectory)CentsEngine.h" />
    <ClInclude Include="$(MSBuildThisFileDirectory)GameObject.h">
      <Filter>Core\ECS</Filter>
    </ClInclude>
    <ClInclude Include="$(MSBuildThisFileDirectory)Component.h">
      <Filter>Core\ECS\Components</Filter>
    </ClInclude>
    <ClInclude Include="$(MSBuildThisFileDirectory)Transform.h">
      <Filter>Core\ECS\Components</Filter>
    </ClInclude>
    <ClInclude Include="$(MSBuildThisFileDirectory)stdHelper.h">
      <Filter>Util</Filter>
    </ClInclude>
    <ClInclude Include="$(MSBuildThisFileDirectory)Renderer.h">
      <Filter>Core\ECS\Components\Render</Filter>
    </ClInclude>
    <ClInclude Include="$(MSBuildThisFileDirectory)Vertex.h">
      <Filter>Core\Render</Filter>
    </ClInclude>
    <ClInclude Include="$(MSBuildThisFileDirectory)SimpleShader.h">
      <Filter>Core\Render</Filter>
    </ClInclude>
    <ClInclude Include="$(MSBuildThisFileDirectory)Camera.h" />
    <ClInclude Include="$(MSBuildThisFileDirectory)MeshRenderer.h">
      <Filter>Core\ECS\Components\Render</Filter>
    </ClInclude>
    <ClInclude Include="$(MSBuildThisFileDirectory)MeshFilter.h">
      <Filter>Core\ECS\Components\Render</Filter>
    </ClInclude>
    <ClInclude Include="$(MSBuildThisFileDirectory)RenderManager.h">
      <Filter>Core\ECS\Components\Render</Filter>
    </ClInclude>
    <ClInclude Include="$(MSBuildThisFileDirectory)DXCore.h" />
    <ClInclude Include="$(MSBuildThisFileDirectory)Material.h">
      <Filter>Core\Render\Mesh</Filter>
    </ClInclude>
    <ClInclude Include="$(MSBuildThisFileDirectory)Mesh.h">
      <Filter>Core\Render\Mesh</Filter>
    </ClInclude>
    <ClInclude Include="$(MSBuildThisFileDirectory)Color.h">
      <Filter>Core\Render</Filter>
    </ClInclude>
  </ItemGroup>
</Project>