<?xml version="1.0" encoding="utf-8"?>
<Project ToolsVersion="4.0" xmlns="http://schemas.microsoft.com/developer/msbuild/2003">
  <ItemGroup>
    <FxCompile Include="BloomPS.hlsl">
      <Filter>Util</Filter>
    </FxCompile>
    <FxCompile Include="DepthPixelShader.hlsl">
      <Filter>Util</Filter>
    </FxCompile>
    <FxCompile Include="GaussianHorizontalPS.hlsl">
      <Filter>Util</Filter>
    </FxCompile>
    <FxCompile Include="GaussianVerticalPS.hlsl">
      <Filter>Util</Filter>
    </FxCompile>
    <FxCompile Include="ParticlePS.hlsl">
      <Filter>Util</Filter>
    </FxCompile>
    <FxCompile Include="ParticleVS.hlsl">
      <Filter>Util</Filter>
    </FxCompile>
    <FxCompile Include="PixelShader.hlsl">
      <Filter>Util</Filter>
    </FxCompile>
    <FxCompile Include="PixelShaderHash.hlsl">
      <Filter>Util</Filter>
    </FxCompile>
    <FxCompile Include="PostProcessPS.hlsl">
      <Filter>Util</Filter>
    </FxCompile>
    <FxCompile Include="PostProcessVS.hlsl">
      <Filter>Util</Filter>
    </FxCompile>
    <FxCompile Include="SkyPS.hlsl">
      <Filter>Util</Filter>
    </FxCompile>
    <FxCompile Include="SkyVS.hlsl">
      <Filter>Util</Filter>
    </FxCompile>
    <FxCompile Include="VertexShader.hlsl">
      <Filter>Util</Filter>
    </FxCompile>
  </ItemGroup>
  <ItemGroup>
    <ClCompile Include="Game.cpp">
      <Filter>Game</Filter>
    </ClCompile>
    <ClCompile Include="main.cpp">
      <Filter>Game</Filter>
    </ClCompile>
    <ClCompile Include="Player.cpp">
      <Filter>Game</Filter>
    </ClCompile>
    <ClCompile Include="Emitter.cpp">
      <Filter>Util</Filter>
    </ClCompile>
    <ClCompile Include="Flame.cpp">
      <Filter>Util</Filter>
    </ClCompile>
    <ClCompile Include="CurrAudImp.cpp">
      <Filter>Audio</Filter>
    </ClCompile>
    <ClCompile Include="FlashBang\SoundContainer.cpp">
      <Filter>FlashBang</Filter>
    </ClCompile>
    <ClCompile Include="FlashBang\OldSound.cpp">
      <Filter>FlashBang</Filter>
    </ClCompile>
    <ClCompile Include="FlashBang\Sound.cpp">
      <Filter>FlashBang</Filter>
    </ClCompile>
    <ClCompile Include="FlashBang\SoundScene.cpp">
      <Filter>FlashBang</Filter>
    </ClCompile>
    <ClCompile Include="FlashBang\OldSoundEngine.cpp">
      <Filter>FlashBang</Filter>
    </ClCompile>
    <ClCompile Include="FlashBang\SoundEngine.cpp">
      <Filter>FlashBang</Filter>
    </ClCompile>
  </ItemGroup>
  <ItemGroup>
    <ClInclude Include="Game.h">
      <Filter>Game</Filter>
    </ClInclude>
    <ClInclude Include="Player.h">
      <Filter>Game</Filter>
    </ClInclude>
    <ClInclude Include="Emitter.h">
      <Filter>Util</Filter>
    </ClInclude>
    <ClInclude Include="Flame.h">
      <Filter>Util</Filter>
    </ClInclude>
    <ClInclude Include="example.h">
      <Filter>Audio</Filter>
    </ClInclude>
    <ClInclude Include="CurrAudImp.h">
      <Filter>Audio</Filter>
    </ClInclude>
    <ClInclude Include="FlashBang\SoundContainer.h">
      <Filter>FlashBang</Filter>
    </ClInclude>
    <ClInclude Include="FlashBang\OldSound.h">
      <Filter>FlashBang</Filter>
    </ClInclude>
    <ClInclude Include="FlashBang\Sound.h">
      <Filter>FlashBang</Filter>
    </ClInclude>
    <ClInclude Include="FlashBang\FlashBang.hpp">
      <Filter>FlashBang</Filter>
    </ClInclude>
    <ClInclude Include="FlashBang\ISoundObject.hpp">
      <Filter>FlashBang\Parsing</Filter>
    </ClInclude>
    <ClInclude Include="FlashBang\SoundScene.h">
      <Filter>FlashBang</Filter>
    </ClInclude>
    <ClInclude Include="FlashBang\OldSoundEngine.h">
      <Filter>FlashBang</Filter>
    </ClInclude>
    <ClInclude Include="FlashBang\SoundEngine.h">
      <Filter>FlashBang</Filter>
    </ClInclude>
    <ClInclude Include="FlashBang\ISoundContainer.hpp">
      <Filter>FlashBang\Parsing</Filter>
    </ClInclude>
  </ItemGroup>
  <ItemGroup>
    <Filter Include="Audio">
      <UniqueIdentifier>{fbafbdee-5c7d-44ea-b4e2-f7c6059e1085}</UniqueIdentifier>
    </Filter>
    <Filter Include="Game">
      <UniqueIdentifier>{d655c2c9-f0f5-40d4-8fba-e6604be1a2f6}</UniqueIdentifier>
    </Filter>
    <Filter Include="Util">
      <UniqueIdentifier>{d4b089f8-a3b9-4203-816f-c45336e62e4b}</UniqueIdentifier>
    </Filter>
    <Filter Include="FlashBang">
      <UniqueIdentifier>{ac792ef2-82b8-4463-80a4-018170b58e41}</UniqueIdentifier>
    </Filter>
    <Filter Include="FlashBang\Parsing">
      <UniqueIdentifier>{11128d3d-de07-45aa-b5c0-b98cf57a04f7}</UniqueIdentifier>
    </Filter>
  </ItemGroup>
  <ItemGroup>
    <None Include="packages.config">
      <Filter>Util</Filter>
    </None>
  </ItemGroup>
  <ItemGroup>
    <Text Include="FlashBang\goal.txt">
      <Filter>Audio</Filter>
    </Text>
    <Text Include="args.txt">
      <Filter>FlashBang\Parsing</Filter>
    </Text>
  </ItemGroup>
</Project>