<?xml version="1.0" encoding="utf-8"?>
<Project ToolsVersion="4.0" xmlns="http://schemas.microsoft.com/developer/msbuild/2003">
  <ItemGroup>
    <FxCompile Include="BloomPS.hlsl" />
    <FxCompile Include="ParticlePS.hlsl" />
    <FxCompile Include="ParticleVS.hlsl" />
    <FxCompile Include="PixelShader.hlsl" />
    <FxCompile Include="PostProcessPS.hlsl" />
    <FxCompile Include="PostProcessVS.hlsl" />
    <FxCompile Include="PixelShaderHash.hlsl" />
    <FxCompile Include="VertexShader.hlsl" />
    <FxCompile Include="SkyPS.hlsl" />
    <FxCompile Include="SkyVS.hlsl" />
    <FxCompile Include="GaussianHorizontalPS.hlsl" />
    <FxCompile Include="GaussianVerticalPS.hlsl" />
    <FxCompile Include="DepthPixelShader.hlsl" />
  </ItemGroup>
  <ItemGroup>
    <ClCompile Include="CentsAudioHandler.cpp" />
    <ClCompile Include="CentsSoundEffect.cpp" />
    <ClCompile Include="Emitter.cpp" />
    <ClCompile Include="Flame.cpp" />
    <ClCompile Include="Game.cpp" />
    <ClCompile Include="main.cpp" />
    <ClCompile Include="Player.cpp" />
  </ItemGroup>
  <ItemGroup>
    <ClInclude Include="CentsAudioHandler.h" />
    <ClInclude Include="CentsSoundEffect.h" />
    <ClInclude Include="Emitter.h" />
    <ClInclude Include="Flame.h" />
    <ClInclude Include="Game.h" />
    <ClInclude Include="Player.h" />
  </ItemGroup>
  <ItemGroup>
    <None Include="packages.config" />
  </ItemGroup>
</Project>